{
  "name": "ssas-app-core",
  "version": "1.4.1",
  "lockfileVersion": 1,
  "requires": true,
  "dependencies": {
    "decode-uri-component": {
      "version": "0.2.0",
      "resolved": "https://registry.npmjs.org/decode-uri-component/-/decode-uri-component-0.2.0.tgz",
      "integrity": "sha1-6zkTMzRYd1y4TNGh+uBiEGu4dUU="
    },
    "i18n-js": {
      "version": "3.3.0",
      "resolved": "https://registry.npmjs.org/i18n-js/-/i18n-js-3.3.0.tgz",
      "integrity": "sha512-+m8jh84IIWlFwEJgwrWCkeIwIES9ilJKBOj5qx8ZTLLmlPz7bjKnCdxf254wRf6M4pkQHtgXGT9r9lGk0e9aug=="
    },
    "query-string": {
      "version": "6.5.0",
      "resolved": "https://registry.npmjs.org/query-string/-/query-string-6.5.0.tgz",
      "integrity": "sha512-TYC4hDjZSvVxLMEucDMySkuAS9UIzSbAiYGyA9GWCjLKB8fQpviFbjd20fD7uejCDxZS+ftSdBKE6DS+xucJFg==",
      "requires": {
        "decode-uri-component": "^0.2.0",
        "split-on-first": "^1.0.0",
        "strict-uri-encode": "^2.0.0"
      }
    },
    "react-native-localize": {
      "version": "1.2.1",
      "resolved": "https://registry.npmjs.org/react-native-localize/-/react-native-localize-1.2.1.tgz",
      "integrity": "sha512-givdHOFqu41EMgI6HikNnKhsze4jlJ+BVoznAAHuKFCLWwDr7z6S1tcq7c/C7zHrKlESpE5H1ZqAPU3R5Hhdog=="
    },
    "split-on-first": {
      "version": "1.1.0",
      "resolved": "https://registry.npmjs.org/split-on-first/-/split-on-first-1.1.0.tgz",
      "integrity": "sha512-43ZssAJaMusuKWL8sKUBQXHWOpq8d6CfN/u1p4gUzfJkM05C8rxTmYrkIPTXapZpORA6LkkzcUulJ8FqA7Uudw=="
    },
    "ssas-enketo": {
      "version": "2.3.0",
      "resolved": "https://registry.npmjs.org/ssas-enketo/-/ssas-enketo-2.3.0.tgz",
      "integrity": "sha512-PAEVcW3EN6QYM/s/rinv5hdgwqc4TVDniFdZMud3Gs0CZRIHGKy5TQFldDapJ3ALNdaAkTx8VVvN5N50rQf6Fw=="
    },
    "strict-uri-encode": {
      "version": "2.0.0",
      "resolved": "https://registry.npmjs.org/strict-uri-encode/-/strict-uri-encode-2.0.0.tgz",
      "integrity": "sha1-ucczDHBChi9rFC3CdLvMWGbONUY="
    }
  }
}
