# THIS IS AN AUTOGENERATED FILE. DO NOT EDIT THIS FILE DIRECTLY.
# yarn lockfile v1


ssas-enketo@^2.0.3:
  version "2.0.3"
  resolved "https://registry.yarnpkg.com/ssas-enketo/-/ssas-enketo-2.0.3.tgz#f38cd0f0c5af061d690173aad3f35191a67b937c"
  integrity sha512-QNOP8+8OR9xVV/d6fYuoq9yOM2t0T1zwlgVdSt+SlHYpZaff2OXIQe1zS9xDUknE2psAk64nDIQbqXUFbvhetw==
